
Microsoft Visual Studio Solution File, Format Version 12.00
# Visual Studio 2012
Project("{FAE04EC0-301F-11D3-BF4B-00C04F79EFBC}") = "KarmaSlave", "KarmaSlave\KarmaSlave.csproj", "{E4DFE9CE-69C8-4F91-9AEA-B9E68648A6A0}"
EndProject
Project("{FAE04EC0-301F-11D3-BF4B-00C04F79EFBC}") = "CloudQueueing", "..\..\Common\CloudQueueing\CloudQueueing.csproj", "{05A5B37F-5F08-4604-B00F-CC0B3E27564F}"
EndProject
Project("{FAE04EC0-301F-11D3-BF4B-00C04F79EFBC}") = "CloudAPI", "..\..\Common\ExternalAPIs\CloudAPI.csproj", "{3C2286F3-86D1-4133-B627-B060325BD635}"
EndProject
Project("{FAE04EC0-301F-11D3-BF4B-00C04F79EFBC}") = "KarmaCommon", "..\..\Common\KarmaUtil\KarmaCommon.csproj", "{2E960D36-6B50-4F44-8B29-8585DF94584D}"
EndProject
Project("{FAE04EC0-301F-11D3-BF4B-00C04F79EFBC}") = "Karma.Powershell", "..\Karma.Powershell\Karma.Powershell.csproj", "{E6E77D1B-786E-4C56-9E98-A318CF34AD84}"
EndProject
Global
	GlobalSection(SolutionConfigurationPlatforms) = preSolution
		Build|Any CPU = Build|Any CPU
		BuildInternal|Any CPU = BuildInternal|Any CPU
		Debug|Any CPU = Debug|Any CPU
		PREPROD|Any CPU = PREPROD|Any CPU
		PREPRODINTERNAL|Any CPU = PREPRODINTERNAL|Any CPU
		Production|Any CPU = Production|Any CPU
		ProductionInternal|Any CPU = ProductionInternal|Any CPU
		ProductionInternalSYD|Any CPU = ProductionInternalSYD|Any CPU
		ProductionInternalUK|Any CPU = ProductionInternalUK|Any CPU
		ProductionSYD|Any CPU = ProductionSYD|Any CPU
		ProductionUK|Any CPU = ProductionUK|Any CPU
		QualityAssurance|Any CPU = QualityAssurance|Any CPU
		QualityAssuranceInternal|Any CPU = QualityAssuranceInternal|Any CPU
		Release|Any CPU = Release|Any CPU
		Staging|Any CPU = Staging|Any CPU
		StagingInternal|Any CPU = StagingInternal|Any CPU
		StagingInternalUK|Any CPU = StagingInternalUK|Any CPU
		StagingUK|Any CPU = StagingUK|Any CPU
	EndGlobalSection
	GlobalSection(ProjectConfigurationPlatforms) = postSolution
		{E4DFE9CE-69C8-4F91-9AEA-B9E68648A6A0}.Build|Any CPU.ActiveCfg = Release|Any CPU
		{E4DFE9CE-69C8-4F91-9AEA-B9E68648A6A0}.Build|Any CPU.Build.0 = Release|Any CPU
		{E4DFE9CE-69C8-4F91-9AEA-B9E68648A6A0}.BuildInternal|Any CPU.ActiveCfg = Release|Any CPU
		{E4DFE9CE-69C8-4F91-9AEA-B9E68648A6A0}.BuildInternal|Any CPU.Build.0 = Release|Any CPU
		{E4DFE9CE-69C8-4F91-9AEA-B9E68648A6A0}.Debug|Any CPU.ActiveCfg = Debug|Any CPU
		{E4DFE9CE-69C8-4F91-9AEA-B9E68648A6A0}.Debug|Any CPU.Build.0 = Debug|Any CPU
		{E4DFE9CE-69C8-4F91-9AEA-B9E68648A6A0}.PREPROD|Any CPU.ActiveCfg = Release|Any CPU
		{E4DFE9CE-69C8-4F91-9AEA-B9E68648A6A0}.PREPROD|Any CPU.Build.0 = Release|Any CPU
		{E4DFE9CE-69C8-4F91-9AEA-B9E68648A6A0}.PREPRODINTERNAL|Any CPU.ActiveCfg = Release|Any CPU
		{E4DFE9CE-69C8-4F91-9AEA-B9E68648A6A0}.PREPRODINTERNAL|Any CPU.Build.0 = Release|Any CPU
		{E4DFE9CE-69C8-4F91-9AEA-B9E68648A6A0}.Production|Any CPU.ActiveCfg = Release|Any CPU
		{E4DFE9CE-69C8-4F91-9AEA-B9E68648A6A0}.Production|Any CPU.Build.0 = Release|Any CPU
		{E4DFE9CE-69C8-4F91-9AEA-B9E68648A6A0}.ProductionInternal|Any CPU.ActiveCfg = Release|Any CPU
		{E4DFE9CE-69C8-4F91-9AEA-B9E68648A6A0}.ProductionInternal|Any CPU.Build.0 = Release|Any CPU
		{E4DFE9CE-69C8-4F91-9AEA-B9E68648A6A0}.ProductionInternalSYD|Any CPU.ActiveCfg = Release|Any CPU
		{E4DFE9CE-69C8-4F91-9AEA-B9E68648A6A0}.ProductionInternalSYD|Any CPU.Build.0 = Release|Any CPU
		{E4DFE9CE-69C8-4F91-9AEA-B9E68648A6A0}.ProductionInternalUK|Any CPU.ActiveCfg = Release|Any CPU
		{E4DFE9CE-69C8-4F91-9AEA-B9E68648A6A0}.ProductionInternalUK|Any CPU.Build.0 = Release|Any CPU
		{E4DFE9CE-69C8-4F91-9AEA-B9E68648A6A0}.ProductionSYD|Any CPU.ActiveCfg = Release|Any CPU
		{E4DFE9CE-69C8-4F91-9AEA-B9E68648A6A0}.ProductionSYD|Any CPU.Build.0 = Release|Any CPU
		{E4DFE9CE-69C8-4F91-9AEA-B9E68648A6A0}.ProductionUK|Any CPU.ActiveCfg = Release|Any CPU
		{E4DFE9CE-69C8-4F91-9AEA-B9E68648A6A0}.ProductionUK|Any CPU.Build.0 = Release|Any CPU
		{E4DFE9CE-69C8-4F91-9AEA-B9E68648A6A0}.QualityAssurance|Any CPU.ActiveCfg = Release|Any CPU
		{E4DFE9CE-69C8-4F91-9AEA-B9E68648A6A0}.QualityAssurance|Any CPU.Build.0 = Release|Any CPU
		{E4DFE9CE-69C8-4F91-9AEA-B9E68648A6A0}.QualityAssuranceInternal|Any CPU.ActiveCfg = Release|Any CPU
		{E4DFE9CE-69C8-4F91-9AEA-B9E68648A6A0}.QualityAssuranceInternal|Any CPU.Build.0 = Release|Any CPU
		{E4DFE9CE-69C8-4F91-9AEA-B9E68648A6A0}.Release|Any CPU.ActiveCfg = Release|Any CPU
		{E4DFE9CE-69C8-4F91-9AEA-B9E68648A6A0}.Release|Any CPU.Build.0 = Release|Any CPU
		{E4DFE9CE-69C8-4F91-9AEA-B9E68648A6A0}.Staging|Any CPU.ActiveCfg = Release|Any CPU
		{E4DFE9CE-69C8-4F91-9AEA-B9E68648A6A0}.Staging|Any CPU.Build.0 = Release|Any CPU
		{E4DFE9CE-69C8-4F91-9AEA-B9E68648A6A0}.StagingInternal|Any CPU.ActiveCfg = Release|Any CPU
		{E4DFE9CE-69C8-4F91-9AEA-B9E68648A6A0}.StagingInternal|Any CPU.Build.0 = Release|Any CPU
		{E4DFE9CE-69C8-4F91-9AEA-B9E68648A6A0}.StagingInternalUK|Any CPU.ActiveCfg = Release|Any CPU
		{E4DFE9CE-69C8-4F91-9AEA-B9E68648A6A0}.StagingInternalUK|Any CPU.Build.0 = Release|Any CPU
		{E4DFE9CE-69C8-4F91-9AEA-B9E68648A6A0}.StagingUK|Any CPU.ActiveCfg = Release|Any CPU
		{E4DFE9CE-69C8-4F91-9AEA-B9E68648A6A0}.StagingUK|Any CPU.Build.0 = Release|Any CPU
		{05A5B37F-5F08-4604-B00F-CC0B3E27564F}.Build|Any CPU.ActiveCfg = Release|Any CPU
		{05A5B37F-5F08-4604-B00F-CC0B3E27564F}.Build|Any CPU.Build.0 = Release|Any CPU
		{05A5B37F-5F08-4604-B00F-CC0B3E27564F}.BuildInternal|Any CPU.ActiveCfg = Release|Any CPU
		{05A5B37F-5F08-4604-B00F-CC0B3E27564F}.BuildInternal|Any CPU.Build.0 = Release|Any CPU
		{05A5B37F-5F08-4604-B00F-CC0B3E27564F}.Debug|Any CPU.ActiveCfg = Debug|Any CPU
		{05A5B37F-5F08-4604-B00F-CC0B3E27564F}.Debug|Any CPU.Build.0 = Debug|Any CPU
		{05A5B37F-5F08-4604-B00F-CC0B3E27564F}.PREPROD|Any CPU.ActiveCfg = Release|Any CPU
		{05A5B37F-5F08-4604-B00F-CC0B3E27564F}.PREPROD|Any CPU.Build.0 = Release|Any CPU
		{05A5B37F-5F08-4604-B00F-CC0B3E27564F}.PREPRODINTERNAL|Any CPU.ActiveCfg = Release|Any CPU
		{05A5B37F-5F08-4604-B00F-CC0B3E27564F}.PREPRODINTERNAL|Any CPU.Build.0 = Release|Any CPU
		{05A5B37F-5F08-4604-B00F-CC0B3E27564F}.Production|Any CPU.ActiveCfg = Release|Any CPU
		{05A5B37F-5F08-4604-B00F-CC0B3E27564F}.Production|Any CPU.Build.0 = Release|Any CPU
		{05A5B37F-5F08-4604-B00F-CC0B3E27564F}.ProductionInternal|Any CPU.ActiveCfg = Release|Any CPU
		{05A5B37F-5F08-4604-B00F-CC0B3E27564F}.ProductionInternal|Any CPU.Build.0 = Release|Any CPU
		{05A5B37F-5F08-4604-B00F-CC0B3E27564F}.ProductionInternalSYD|Any CPU.ActiveCfg = Release|Any CPU
		{05A5B37F-5F08-4604-B00F-CC0B3E27564F}.ProductionInternalSYD|Any CPU.Build.0 = Release|Any CPU
		{05A5B37F-5F08-4604-B00F-CC0B3E27564F}.ProductionInternalUK|Any CPU.ActiveCfg = Release|Any CPU
		{05A5B37F-5F08-4604-B00F-CC0B3E27564F}.ProductionInternalUK|Any CPU.Build.0 = Release|Any CPU
		{05A5B37F-5F08-4604-B00F-CC0B3E27564F}.ProductionSYD|Any CPU.ActiveCfg = Release|Any CPU
		{05A5B37F-5F08-4604-B00F-CC0B3E27564F}.ProductionSYD|Any CPU.Build.0 = Release|Any CPU
		{05A5B37F-5F08-4604-B00F-CC0B3E27564F}.ProductionUK|Any CPU.ActiveCfg = Release|Any CPU
		{05A5B37F-5F08-4604-B00F-CC0B3E27564F}.ProductionUK|Any CPU.Build.0 = Release|Any CPU
		{05A5B37F-5F08-4604-B00F-CC0B3E27564F}.QualityAssurance|Any CPU.ActiveCfg = Release|Any CPU
		{05A5B37F-5F08-4604-B00F-CC0B3E27564F}.QualityAssurance|Any CPU.Build.0 = Release|Any CPU
		{05A5B37F-5F08-4604-B00F-CC0B3E27564F}.QualityAssuranceInternal|Any CPU.ActiveCfg = Release|Any CPU
		{05A5B37F-5F08-4604-B00F-CC0B3E27564F}.QualityAssuranceInternal|Any CPU.Build.0 = Release|Any CPU
		{05A5B37F-5F08-4604-B00F-CC0B3E27564F}.Release|Any CPU.ActiveCfg = Release|Any CPU
		{05A5B37F-5F08-4604-B00F-CC0B3E27564F}.Release|Any CPU.Build.0 = Release|Any CPU
		{05A5B37F-5F08-4604-B00F-CC0B3E27564F}.Staging|Any CPU.ActiveCfg = Release|Any CPU
		{05A5B37F-5F08-4604-B00F-CC0B3E27564F}.Staging|Any CPU.Build.0 = Release|Any CPU
		{05A5B37F-5F08-4604-B00F-CC0B3E27564F}.StagingInternal|Any CPU.ActiveCfg = Release|Any CPU
		{05A5B37F-5F08-4604-B00F-CC0B3E27564F}.StagingInternal|Any CPU.Build.0 = Release|Any CPU
		{05A5B37F-5F08-4604-B00F-CC0B3E27564F}.StagingInternalUK|Any CPU.ActiveCfg = Release|Any CPU
		{05A5B37F-5F08-4604-B00F-CC0B3E27564F}.StagingInternalUK|Any CPU.Build.0 = Release|Any CPU
		{05A5B37F-5F08-4604-B00F-CC0B3E27564F}.StagingUK|Any CPU.ActiveCfg = Release|Any CPU
		{05A5B37F-5F08-4604-B00F-CC0B3E27564F}.StagingUK|Any CPU.Build.0 = Release|Any CPU
		{3C2286F3-86D1-4133-B627-B060325BD635}.Build|Any CPU.ActiveCfg = Build|Any CPU
		{3C2286F3-86D1-4133-B627-B060325BD635}.Build|Any CPU.Build.0 = Build|Any CPU
		{3C2286F3-86D1-4133-B627-B060325BD635}.BuildInternal|Any CPU.ActiveCfg = BuildInternal|Any CPU
		{3C2286F3-86D1-4133-B627-B060325BD635}.BuildInternal|Any CPU.Build.0 = BuildInternal|Any CPU
		{3C2286F3-86D1-4133-B627-B060325BD635}.Debug|Any CPU.ActiveCfg = Debug|Any CPU
		{3C2286F3-86D1-4133-B627-B060325BD635}.Debug|Any CPU.Build.0 = Debug|Any CPU
		{3C2286F3-86D1-4133-B627-B060325BD635}.PREPROD|Any CPU.ActiveCfg = PREPROD|Any CPU
		{3C2286F3-86D1-4133-B627-B060325BD635}.PREPROD|Any CPU.Build.0 = PREPROD|Any CPU
		{3C2286F3-86D1-4133-B627-B060325BD635}.PREPRODINTERNAL|Any CPU.ActiveCfg = PREPRODINTERNAL|Any CPU
		{3C2286F3-86D1-4133-B627-B060325BD635}.PREPRODINTERNAL|Any CPU.Build.0 = PREPRODINTERNAL|Any CPU
		{3C2286F3-86D1-4133-B627-B060325BD635}.Production|Any CPU.ActiveCfg = Production|Any CPU
		{3C2286F3-86D1-4133-B627-B060325BD635}.Production|Any CPU.Build.0 = Production|Any CPU
		{3C2286F3-86D1-4133-B627-B060325BD635}.ProductionInternal|Any CPU.ActiveCfg = ProductionInternal|Any CPU
		{3C2286F3-86D1-4133-B627-B060325BD635}.ProductionInternal|Any CPU.Build.0 = ProductionInternal|Any CPU
		{3C2286F3-86D1-4133-B627-B060325BD635}.ProductionInternalSYD|Any CPU.ActiveCfg = ProductionInternalSYD|Any CPU
		{3C2286F3-86D1-4133-B627-B060325BD635}.ProductionInternalSYD|Any CPU.Build.0 = ProductionInternalSYD|Any CPU
		{3C2286F3-86D1-4133-B627-B060325BD635}.ProductionInternalUK|Any CPU.ActiveCfg = ProductionInternalUK|Any CPU
		{3C2286F3-86D1-4133-B627-B060325BD635}.ProductionInternalUK|Any CPU.Build.0 = ProductionInternalUK|Any CPU
		{3C2286F3-86D1-4133-B627-B060325BD635}.ProductionSYD|Any CPU.ActiveCfg = ProductionSYD|Any CPU
		{3C2286F3-86D1-4133-B627-B060325BD635}.ProductionSYD|Any CPU.Build.0 = ProductionSYD|Any CPU
		{3C2286F3-86D1-4133-B627-B060325BD635}.ProductionUK|Any CPU.ActiveCfg = ProductionUK|Any CPU
		{3C2286F3-86D1-4133-B627-B060325BD635}.ProductionUK|Any CPU.Build.0 = ProductionUK|Any CPU
		{3C2286F3-86D1-4133-B627-B060325BD635}.QualityAssurance|Any CPU.ActiveCfg = QualityAssurance|Any CPU
		{3C2286F3-86D1-4133-B627-B060325BD635}.QualityAssurance|Any CPU.Build.0 = QualityAssurance|Any CPU
		{3C2286F3-86D1-4133-B627-B060325BD635}.QualityAssuranceInternal|Any CPU.ActiveCfg = QualityAssuranceInternal|Any CPU
		{3C2286F3-86D1-4133-B627-B060325BD635}.QualityAssuranceInternal|Any CPU.Build.0 = QualityAssuranceInternal|Any CPU
		{3C2286F3-86D1-4133-B627-B060325BD635}.Release|Any CPU.ActiveCfg = ProductionInternalSYD|Any CPU
		{3C2286F3-86D1-4133-B627-B060325BD635}.Release|Any CPU.Build.0 = ProductionInternalSYD|Any CPU
		{3C2286F3-86D1-4133-B627-B060325BD635}.Staging|Any CPU.ActiveCfg = Staging|Any CPU
		{3C2286F3-86D1-4133-B627-B060325BD635}.Staging|Any CPU.Build.0 = Staging|Any CPU
		{3C2286F3-86D1-4133-B627-B060325BD635}.StagingInternal|Any CPU.ActiveCfg = StagingInternal|Any CPU
		{3C2286F3-86D1-4133-B627-B060325BD635}.StagingInternal|Any CPU.Build.0 = StagingInternal|Any CPU
		{3C2286F3-86D1-4133-B627-B060325BD635}.StagingInternalUK|Any CPU.ActiveCfg = StagingInternalUK|Any CPU
		{3C2286F3-86D1-4133-B627-B060325BD635}.StagingInternalUK|Any CPU.Build.0 = StagingInternalUK|Any CPU
		{3C2286F3-86D1-4133-B627-B060325BD635}.StagingUK|Any CPU.ActiveCfg = StagingUK|Any CPU
		{3C2286F3-86D1-4133-B627-B060325BD635}.StagingUK|Any CPU.Build.0 = StagingUK|Any CPU
		{2E960D36-6B50-4F44-8B29-8585DF94584D}.Build|Any CPU.ActiveCfg = Release|Any CPU
		{2E960D36-6B50-4F44-8B29-8585DF94584D}.Build|Any CPU.Build.0 = Release|Any CPU
		{2E960D36-6B50-4F44-8B29-8585DF94584D}.BuildInternal|Any CPU.ActiveCfg = Release|Any CPU
		{2E960D36-6B50-4F44-8B29-8585DF94584D}.BuildInternal|Any CPU.Build.0 = Release|Any CPU
		{2E960D36-6B50-4F44-8B29-8585DF94584D}.Debug|Any CPU.ActiveCfg = Debug|Any CPU
		{2E960D36-6B50-4F44-8B29-8585DF94584D}.Debug|Any CPU.Build.0 = Debug|Any CPU
		{2E960D36-6B50-4F44-8B29-8585DF94584D}.PREPROD|Any CPU.ActiveCfg = Release|Any CPU
		{2E960D36-6B50-4F44-8B29-8585DF94584D}.PREPROD|Any CPU.Build.0 = Release|Any CPU
		{2E960D36-6B50-4F44-8B29-8585DF94584D}.PREPRODINTERNAL|Any CPU.ActiveCfg = Release|Any CPU
		{2E960D36-6B50-4F44-8B29-8585DF94584D}.PREPRODINTERNAL|Any CPU.Build.0 = Release|Any CPU
		{2E960D36-6B50-4F44-8B29-8585DF94584D}.Production|Any CPU.ActiveCfg = Release|Any CPU
		{2E960D36-6B50-4F44-8B29-8585DF94584D}.Production|Any CPU.Build.0 = Release|Any CPU
		{2E960D36-6B50-4F44-8B29-8585DF94584D}.ProductionInternal|Any CPU.ActiveCfg = Release|Any CPU
		{2E960D36-6B50-4F44-8B29-8585DF94584D}.ProductionInternal|Any CPU.Build.0 = Release|Any CPU
		{2E960D36-6B50-4F44-8B29-8585DF94584D}.ProductionInternalSYD|Any CPU.ActiveCfg = Release|Any CPU
		{2E960D36-6B50-4F44-8B29-8585DF94584D}.ProductionInternalSYD|Any CPU.Build.0 = Release|Any CPU
		{2E960D36-6B50-4F44-8B29-8585DF94584D}.ProductionInternalUK|Any CPU.ActiveCfg = Release|Any CPU
		{2E960D36-6B50-4F44-8B29-8585DF94584D}.ProductionInternalUK|Any CPU.Build.0 = Release|Any CPU
		{2E960D36-6B50-4F44-8B29-8585DF94584D}.ProductionSYD|Any CPU.ActiveCfg = Release|Any CPU
		{2E960D36-6B50-4F44-8B29-8585DF94584D}.ProductionSYD|Any CPU.Build.0 = Release|Any CPU
		{2E960D36-6B50-4F44-8B29-8585DF94584D}.ProductionUK|Any CPU.ActiveCfg = Release|Any CPU
		{2E960D36-6B50-4F44-8B29-8585DF94584D}.ProductionUK|Any CPU.Build.0 = Release|Any CPU
		{2E960D36-6B50-4F44-8B29-8585DF94584D}.QualityAssurance|Any CPU.ActiveCfg = Release|Any CPU
		{2E960D36-6B50-4F44-8B29-8585DF94584D}.QualityAssurance|Any CPU.Build.0 = Release|Any CPU
		{2E960D36-6B50-4F44-8B29-8585DF94584D}.QualityAssuranceInternal|Any CPU.ActiveCfg = Release|Any CPU
		{2E960D36-6B50-4F44-8B29-8585DF94584D}.QualityAssuranceInternal|Any CPU.Build.0 = Release|Any CPU
		{2E960D36-6B50-4F44-8B29-8585DF94584D}.Release|Any CPU.ActiveCfg = Release|Any CPU
		{2E960D36-6B50-4F44-8B29-8585DF94584D}.Release|Any CPU.Build.0 = Release|Any CPU
		{2E960D36-6B50-4F44-8B29-8585DF94584D}.Staging|Any CPU.ActiveCfg = Release|Any CPU
		{2E960D36-6B50-4F44-8B29-8585DF94584D}.Staging|Any CPU.Build.0 = Release|Any CPU
		{2E960D36-6B50-4F44-8B29-8585DF94584D}.StagingInternal|Any CPU.ActiveCfg = Release|Any CPU
		{2E960D36-6B50-4F44-8B29-8585DF94584D}.StagingInternal|Any CPU.Build.0 = Release|Any CPU
		{2E960D36-6B50-4F44-8B29-8585DF94584D}.StagingInternalUK|Any CPU.ActiveCfg = Release|Any CPU
		{2E960D36-6B50-4F44-8B29-8585DF94584D}.StagingInternalUK|Any CPU.Build.0 = Release|Any CPU
		{2E960D36-6B50-4F44-8B29-8585DF94584D}.StagingUK|Any CPU.ActiveCfg = Release|Any CPU
		{2E960D36-6B50-4F44-8B29-8585DF94584D}.StagingUK|Any CPU.Build.0 = Release|Any CPU
		{E6E77D1B-786E-4C56-9E98-A318CF34AD84}.Build|Any CPU.ActiveCfg = Release|Any CPU
		{E6E77D1B-786E-4C56-9E98-A318CF34AD84}.Build|Any CPU.Build.0 = Release|Any CPU
		{E6E77D1B-786E-4C56-9E98-A318CF34AD84}.BuildInternal|Any CPU.ActiveCfg = Release|Any CPU
		{E6E77D1B-786E-4C56-9E98-A318CF34AD84}.BuildInternal|Any CPU.Build.0 = Release|Any CPU
		{E6E77D1B-786E-4C56-9E98-A318CF34AD84}.Debug|Any CPU.ActiveCfg = Debug|Any CPU
		{E6E77D1B-786E-4C56-9E98-A318CF34AD84}.Debug|Any CPU.Build.0 = Debug|Any CPU
		{E6E77D1B-786E-4C56-9E98-A318CF34AD84}.PREPROD|Any CPU.ActiveCfg = Release|Any CPU
		{E6E77D1B-786E-4C56-9E98-A318CF34AD84}.PREPROD|Any CPU.Build.0 = Release|Any CPU
		{E6E77D1B-786E-4C56-9E98-A318CF34AD84}.PREPRODINTERNAL|Any CPU.ActiveCfg = Release|Any CPU
		{E6E77D1B-786E-4C56-9E98-A318CF34AD84}.PREPRODINTERNAL|Any CPU.Build.0 = Release|Any CPU
		{E6E77D1B-786E-4C56-9E98-A318CF34AD84}.Production|Any CPU.ActiveCfg = Release|Any CPU
		{E6E77D1B-786E-4C56-9E98-A318CF34AD84}.Production|Any CPU.Build.0 = Release|Any CPU
		{E6E77D1B-786E-4C56-9E98-A318CF34AD84}.ProductionInternal|Any CPU.ActiveCfg = Release|Any CPU
		{E6E77D1B-786E-4C56-9E98-A318CF34AD84}.ProductionInternal|Any CPU.Build.0 = Release|Any CPU
		{E6E77D1B-786E-4C56-9E98-A318CF34AD84}.ProductionInternalSYD|Any CPU.ActiveCfg = Release|Any CPU
		{E6E77D1B-786E-4C56-9E98-A318CF34AD84}.ProductionInternalSYD|Any CPU.Build.0 = Release|Any CPU
		{E6E77D1B-786E-4C56-9E98-A318CF34AD84}.ProductionInternalUK|Any CPU.ActiveCfg = Release|Any CPU
		{E6E77D1B-786E-4C56-9E98-A318CF34AD84}.ProductionInternalUK|Any CPU.Build.0 = Release|Any CPU
		{E6E77D1B-786E-4C56-9E98-A318CF34AD84}.ProductionSYD|Any CPU.ActiveCfg = Release|Any CPU
		{E6E77D1B-786E-4C56-9E98-A318CF34AD84}.ProductionSYD|Any CPU.Build.0 = Release|Any CPU
		{E6E77D1B-786E-4C56-9E98-A318CF34AD84}.ProductionUK|Any CPU.ActiveCfg = Release|Any CPU
		{E6E77D1B-786E-4C56-9E98-A318CF34AD84}.ProductionUK|Any CPU.Build.0 = Release|Any CPU
		{E6E77D1B-786E-4C56-9E98-A318CF34AD84}.QualityAssurance|Any CPU.ActiveCfg = Release|Any CPU
		{E6E77D1B-786E-4C56-9E98-A318CF34AD84}.QualityAssurance|Any CPU.Build.0 = Release|Any CPU
		{E6E77D1B-786E-4C56-9E98-A318CF34AD84}.QualityAssuranceInternal|Any CPU.ActiveCfg = Release|Any CPU
		{E6E77D1B-786E-4C56-9E98-A318CF34AD84}.QualityAssuranceInternal|Any CPU.Build.0 = Release|Any CPU
		{E6E77D1B-786E-4C56-9E98-A318CF34AD84}.Release|Any CPU.ActiveCfg = Release|Any CPU
		{E6E77D1B-786E-4C56-9E98-A318CF34AD84}.Release|Any CPU.Build.0 = Release|Any CPU
		{E6E77D1B-786E-4C56-9E98-A318CF34AD84}.Staging|Any CPU.ActiveCfg = Release|Any CPU
		{E6E77D1B-786E-4C56-9E98-A318CF34AD84}.Staging|Any CPU.Build.0 = Release|Any CPU
		{E6E77D1B-786E-4C56-9E98-A318CF34AD84}.StagingInternal|Any CPU.ActiveCfg = Release|Any CPU
		{E6E77D1B-786E-4C56-9E98-A318CF34AD84}.StagingInternal|Any CPU.Build.0 = Release|Any CPU
		{E6E77D1B-786E-4C56-9E98-A318CF34AD84}.StagingInternalUK|Any CPU.ActiveCfg = Release|Any CPU
		{E6E77D1B-786E-4C56-9E98-A318CF34AD84}.StagingInternalUK|Any CPU.Build.0 = Release|Any CPU
		{E6E77D1B-786E-4C56-9E98-A318CF34AD84}.StagingUK|Any CPU.ActiveCfg = Release|Any CPU
		{E6E77D1B-786E-4C56-9E98-A318CF34AD84}.StagingUK|Any CPU.Build.0 = Release|Any CPU
	EndGlobalSection
	GlobalSection(SolutionProperties) = preSolution
		HideSolutionNode = FALSE
	EndGlobalSection
EndGlobal
